<Solution>
  <Project Path="01 Åldersgränsen/01 Åldersgränsen.csproj" />
  <Project Path="02 Dörrvakten (if-else)/02 Dörrvakten (if-else).csproj" />
  <Project Path="03 Temperaturvarnaren (if-else)/03 Temperaturvarnaren (if-else).csproj" />
  <Project Path="04 Veckodagskontrollen (switch-case)/04 Veckodagskontrollen (switch-case).csproj" />
  <Project Path="05 Medlemsstatus (switch-case)/05 Medlemsstatus (switch-case).csproj" />
  <Project Path="06 Inloggningskontroll (Logiska operatorer)/06 Inloggningskontroll (Logiska operatorer).csproj" />
  <Project Path="07 Rabattväljaren (Nästlade if)/07 Rabattväljaren (Nästlade if).csproj" />
  <Project Path="08 Åldersgränser på bio (if-else-if)/08 Åldersgränser på bio (if-else-if).csproj" />
  <Project Path="09 Support-ärenden (Switch expressions - Switch med mönster)/09 Support-ärenden (Switch expressions - Switch med mönster).csproj" />
  <Project Path="10 Biluthyrningen (Sammansatt logik)/10 Biluthyrningen (Sammansatt logik).csproj" />
</Solution>
